
Microsoft Visual Studio Solution File, Format Version 12.00
# Visual Studio Version 17
VisualStudioVersion = 17.5.33530.505
MinimumVisualStudioVersion = 10.0.40219.1
Project("{FAE04EC0-301F-11D3-BF4B-00C04F79EFBC}") = "FirstconsoleApp", "FirstconsoleApp.csproj", "{EA49ABFA-966D-403F-A4B4-4C08B83B224F}"
EndProject
Global
	GlobalSection(SolutionConfigurationPlatforms) = preSolution
		Debug|Any CPU = Debug|Any CPU
		Release|Any CPU = Release|Any CPU
	EndGlobalSection
	GlobalSection(ProjectConfigurationPlatforms) = postSolution
		{EA49ABFA-966D-403F-A4B4-4C08B83B224F}.Debug|Any CPU.ActiveCfg = Debug|Any CPU
		{EA49ABFA-966D-403F-A4B4-4C08B83B224F}.Debug|Any CPU.Build.0 = Debug|Any CPU
		{EA49ABFA-966D-403F-A4B4-4C08B83B224F}.Release|Any CPU.ActiveCfg = Release|Any CPU
		{EA49ABFA-966D-403F-A4B4-4C08B83B224F}.Release|Any CPU.Build.0 = Release|Any CPU
	EndGlobalSection
	GlobalSection(SolutionProperties) = preSolution
		HideSolutionNode = FALSE
	EndGlobalSection
	GlobalSection(ExtensibilityGlobals) = postSolution
		SolutionGuid = {4E12A20A-9E74-4CE0-965D-38F4AF4157E0}
	EndGlobalSection
EndGlobal
